{
  "version": "5",
  "specifiers": {
    "jsr:@deno/esbuild-plugin@*": "1.2.1",
    "jsr:@deno/loader@~0.3.10": "0.3.14",
    "jsr:@std/internal@^1.0.12": "1.0.13",
    "jsr:@std/path@^1.1.1": "1.1.4",
    "npm:esbuild@*": "0.27.3"
  },
  "jsr": {
    "@deno/esbuild-plugin@1.2.1": {
      "integrity": "df629467913adc1f960149fdfa3a3430ba8c20381c310fba096db244e6c3c9f6",
      "dependencies": [
        "jsr:@deno/loader",
        "jsr:@std/path"
      ]
    },
    "@deno/loader@0.3.14": {
      "integrity": "97bc63a6cc2d27a60bcdc953f588c5213331d866d44212eebb24cebfb9b011ca"
    },
    "@std/internal@1.0.13": {
      "integrity": "2f9546691d4ac2d32859c82dff284aaeac980ddeca38430d07941e7e288725c0"
    },
    "@std/path@1.1.4": {
      "integrity": "1d2d43f39efb1b42f0b1882a25486647cb851481862dc7313390b2bb044314b5",
      "dependencies": [
        "jsr:@std/internal"
      ]
    }
  },
  "npm": {
    "@esbuild/aix-ppc64@0.27.3": {
      "integrity": "sha512-9fJMTNFTWZMh5qwrBItuziu834eOCUcEqymSH7pY+zoMVEZg3gcPuBNxH1EvfVYe9h0x/Ptw8KBzv7qxb7l8dg==",
      "os": ["aix"],
      "cpu": ["ppc64"]
    },
    "@esbuild/android-arm64@0.27.3": {
      "integrity": "sha512-YdghPYUmj/FX2SYKJ0OZxf+iaKgMsKHVPF1MAq/P8WirnSpCStzKJFjOjzsW0QQ7oIAiccHdcqjbHmJxRb/dmg==",
      "os": ["android"],
      "cpu": ["arm64"]
    },
    "@esbuild/android-arm@0.27.3": {
      "integrity": "sha512-i5D1hPY7GIQmXlXhs2w8AWHhenb00+GxjxRncS2ZM7YNVGNfaMxgzSGuO8o8SJzRc/oZwU2bcScvVERk03QhzA==",
      "os": ["android"],
      "cpu": ["arm"]
    },
    "@esbuild/android-x64@0.27.3": {
      "integrity": "sha512-IN/0BNTkHtk8lkOM8JWAYFg4ORxBkZQf9zXiEOfERX/CzxW3Vg1ewAhU7QSWQpVIzTW+b8Xy+lGzdYXV6UZObQ==",
      "os": ["android"],
      "cpu": ["x64"]
    },
    "@esbuild/darwin-arm64@0.27.3": {
      "integrity": "sha512-Re491k7ByTVRy0t3EKWajdLIr0gz2kKKfzafkth4Q8A5n1xTHrkqZgLLjFEHVD+AXdUGgQMq+Godfq45mGpCKg==",
      "os": ["darwin"],
      "cpu": ["arm64"]
    },
    "@esbuild/darwin-x64@0.27.3": {
      "integrity": "sha512-vHk/hA7/1AckjGzRqi6wbo+jaShzRowYip6rt6q7VYEDX4LEy1pZfDpdxCBnGtl+A5zq8iXDcyuxwtv3hNtHFg==",
      "os": ["darwin"],
      "cpu": ["x64"]
    },
    "@esbuild/freebsd-arm64@0.27.3": {
      "integrity": "sha512-ipTYM2fjt3kQAYOvo6vcxJx3nBYAzPjgTCk7QEgZG8AUO3ydUhvelmhrbOheMnGOlaSFUoHXB6un+A7q4ygY9w==",
      "os": ["freebsd"],
      "cpu": ["arm64"]
    },
    "@esbuild/freebsd-x64@0.27.3": {
      "integrity": "sha512-dDk0X87T7mI6U3K9VjWtHOXqwAMJBNN2r7bejDsc+j03SEjtD9HrOl8gVFByeM0aJksoUuUVU9TBaZa2rgj0oA==",
      "os": ["freebsd"],
      "cpu": ["x64"]
    },
    "@esbuild/linux-arm64@0.27.3": {
      "integrity": "sha512-sZOuFz/xWnZ4KH3YfFrKCf1WyPZHakVzTiqji3WDc0BCl2kBwiJLCXpzLzUBLgmp4veFZdvN5ChW4Eq/8Fc2Fg==",
      "os": ["linux"],
      "cpu": ["arm64"]
    },
    "@esbuild/linux-arm@0.27.3": {
      "integrity": "sha512-s6nPv2QkSupJwLYyfS+gwdirm0ukyTFNl3KTgZEAiJDd+iHZcbTPPcWCcRYH+WlNbwChgH2QkE9NSlNrMT8Gfw==",
      "os": ["linux"],
      "cpu": ["arm"]
    },
    "@esbuild/linux-ia32@0.27.3": {
      "integrity": "sha512-yGlQYjdxtLdh0a3jHjuwOrxQjOZYD/C9PfdbgJJF3TIZWnm/tMd/RcNiLngiu4iwcBAOezdnSLAwQDPqTmtTYg==",
      "os": ["linux"],
      "cpu": ["ia32"]
    },
    "@esbuild/linux-loong64@0.27.3": {
      "integrity": "sha512-WO60Sn8ly3gtzhyjATDgieJNet/KqsDlX5nRC5Y3oTFcS1l0KWba+SEa9Ja1GfDqSF1z6hif/SkpQJbL63cgOA==",
      "os": ["linux"],
      "cpu": ["loong64"]
    },
    "@esbuild/linux-mips64el@0.27.3": {
      "integrity": "sha512-APsymYA6sGcZ4pD6k+UxbDjOFSvPWyZhjaiPyl/f79xKxwTnrn5QUnXR5prvetuaSMsb4jgeHewIDCIWljrSxw==",
      "os": ["linux"],
      "cpu": ["mips64el"]
    },
    "@esbuild/linux-ppc64@0.27.3": {
      "integrity": "sha512-eizBnTeBefojtDb9nSh4vvVQ3V9Qf9Df01PfawPcRzJH4gFSgrObw+LveUyDoKU3kxi5+9RJTCWlj4FjYXVPEA==",
      "os": ["linux"],
      "cpu": ["ppc64"]
    },
    "@esbuild/linux-riscv64@0.27.3": {
      "integrity": "sha512-3Emwh0r5wmfm3ssTWRQSyVhbOHvqegUDRd0WhmXKX2mkHJe1SFCMJhagUleMq+Uci34wLSipf8Lagt4LlpRFWQ==",
      "os": ["linux"],
      "cpu": ["riscv64"]
    },
    "@esbuild/linux-s390x@0.27.3": {
      "integrity": "sha512-pBHUx9LzXWBc7MFIEEL0yD/ZVtNgLytvx60gES28GcWMqil8ElCYR4kvbV2BDqsHOvVDRrOxGySBM9Fcv744hw==",
      "os": ["linux"],
      "cpu": ["s390x"]
    },
    "@esbuild/linux-x64@0.27.3": {
      "integrity": "sha512-Czi8yzXUWIQYAtL/2y6vogER8pvcsOsk5cpwL4Gk5nJqH5UZiVByIY8Eorm5R13gq+DQKYg0+JyQoytLQas4dA==",
      "os": ["linux"],
      "cpu": ["x64"]
    },
    "@esbuild/netbsd-arm64@0.27.3": {
      "integrity": "sha512-sDpk0RgmTCR/5HguIZa9n9u+HVKf40fbEUt+iTzSnCaGvY9kFP0YKBWZtJaraonFnqef5SlJ8/TiPAxzyS+UoA==",
      "os": ["netbsd"],
      "cpu": ["arm64"]
    },
    "@esbuild/netbsd-x64@0.27.3": {
      "integrity": "sha512-P14lFKJl/DdaE00LItAukUdZO5iqNH7+PjoBm+fLQjtxfcfFE20Xf5CrLsmZdq5LFFZzb5JMZ9grUwvtVYzjiA==",
      "os": ["netbsd"],
      "cpu": ["x64"]
    },
    "@esbuild/openbsd-arm64@0.27.3": {
      "integrity": "sha512-AIcMP77AvirGbRl/UZFTq5hjXK+2wC7qFRGoHSDrZ5v5b8DK/GYpXW3CPRL53NkvDqb9D+alBiC/dV0Fb7eJcw==",
      "os": ["openbsd"],
      "cpu": ["arm64"]
    },
    "@esbuild/openbsd-x64@0.27.3": {
      "integrity": "sha512-DnW2sRrBzA+YnE70LKqnM3P+z8vehfJWHXECbwBmH/CU51z6FiqTQTHFenPlHmo3a8UgpLyH3PT+87OViOh1AQ==",
      "os": ["openbsd"],
      "cpu": ["x64"]
    },
    "@esbuild/openharmony-arm64@0.27.3": {
      "integrity": "sha512-NinAEgr/etERPTsZJ7aEZQvvg/A6IsZG/LgZy+81wON2huV7SrK3e63dU0XhyZP4RKGyTm7aOgmQk0bGp0fy2g==",
      "os": ["openharmony"],
      "cpu": ["arm64"]
    },
    "@esbuild/sunos-x64@0.27.3": {
      "integrity": "sha512-PanZ+nEz+eWoBJ8/f8HKxTTD172SKwdXebZ0ndd953gt1HRBbhMsaNqjTyYLGLPdoWHy4zLU7bDVJztF5f3BHA==",
      "os": ["sunos"],
      "cpu": ["x64"]
    },
    "@esbuild/win32-arm64@0.27.3": {
      "integrity": "sha512-B2t59lWWYrbRDw/tjiWOuzSsFh1Y/E95ofKz7rIVYSQkUYBjfSgf6oeYPNWHToFRr2zx52JKApIcAS/D5TUBnA==",
      "os": ["win32"],
      "cpu": ["arm64"]
    },
    "@esbuild/win32-ia32@0.27.3": {
      "integrity": "sha512-QLKSFeXNS8+tHW7tZpMtjlNb7HKau0QDpwm49u0vUp9y1WOF+PEzkU84y9GqYaAVW8aH8f3GcBck26jh54cX4Q==",
      "os": ["win32"],
      "cpu": ["ia32"]
    },
    "@esbuild/win32-x64@0.27.3": {
      "integrity": "sha512-4uJGhsxuptu3OcpVAzli+/gWusVGwZZHTlS63hh++ehExkVT8SgiEf7/uC/PclrPPkLhZqGgCTjd0VWLo6xMqA==",
      "os": ["win32"],
      "cpu": ["x64"]
    },
    "esbuild@0.27.3": {
      "integrity": "sha512-8VwMnyGCONIs6cWue2IdpHxHnAjzxnw2Zr7MkVxB2vjmQ2ivqGFb4LEG3SMnv0Gb2F/G/2yA8zUaiL1gywDCCg==",
      "optionalDependencies": [
        "@esbuild/aix-ppc64",
        "@esbuild/android-arm",
        "@esbuild/android-arm64",
        "@esbuild/android-x64",
        "@esbuild/darwin-arm64",
        "@esbuild/darwin-x64",
        "@esbuild/freebsd-arm64",
        "@esbuild/freebsd-x64",
        "@esbuild/linux-arm",
        "@esbuild/linux-arm64",
        "@esbuild/linux-ia32",
        "@esbuild/linux-loong64",
        "@esbuild/linux-mips64el",
        "@esbuild/linux-ppc64",
        "@esbuild/linux-riscv64",
        "@esbuild/linux-s390x",
        "@esbuild/linux-x64",
        "@esbuild/netbsd-arm64",
        "@esbuild/netbsd-x64",
        "@esbuild/openbsd-arm64",
        "@esbuild/openbsd-x64",
        "@esbuild/openharmony-arm64",
        "@esbuild/sunos-x64",
        "@esbuild/win32-arm64",
        "@esbuild/win32-ia32",
        "@esbuild/win32-x64"
      ],
      "scripts": true,
      "bin": true
    }
  },
  "redirects": {
    "https://deno.land/std/fs/ensure_dir.ts": "https://deno.land/std@0.224.0/fs/ensure_dir.ts",
    "https://deno.land/std/fs/mod.ts": "https://deno.land/std@0.224.0/fs/mod.ts",
    "https://deno.land/std/http/file_server.ts": "https://deno.land/std@0.224.0/http/file_server.ts",
    "https://esm.sh/@types/rbush@~4.0.0/index.d.ts": "https://esm.sh/@types/rbush@4.0.0/index.d.ts",
    "https://esm.sh/quickselect@^3.0.0?target=denonext": "https://esm.sh/quickselect@3.0.0?target=denonext",
    "https://esm.sh/rbush@^4.0.0?target=denonext": "https://esm.sh/rbush@4.0.1?target=denonext"
  },
  "remote": {
    "https://deno.land/std@0.224.0/assert/assert.ts": "09d30564c09de846855b7b071e62b5974b001bb72a4b797958fe0660e7849834",
    "https://deno.land/std@0.224.0/assert/assertion_error.ts": "ba8752bd27ebc51f723702fac2f54d3e94447598f54264a6653d6413738a8917",
    "https://deno.land/std@0.224.0/cli/parse_args.ts": "5250832fb7c544d9111e8a41ad272c016f5a53f975ef84d5a9fe5fcb70566ece",
    "https://deno.land/std@0.224.0/encoding/_util.ts": "beacef316c1255da9bc8e95afb1fa56ed69baef919c88dc06ae6cb7a6103d376",
    "https://deno.land/std@0.224.0/encoding/base64.ts": "dd59695391584c8ffc5a296ba82bcdba6dd8a84d41a6a539fbee8e5075286eaf",
    "https://deno.land/std@0.224.0/fmt/bytes.ts": "7b294a4b9cf0297efa55acb55d50610f3e116a0ac772d1df0ae00f0b833ccd4a",
    "https://deno.land/std@0.224.0/fmt/colors.ts": "508563c0659dd7198ba4bbf87e97f654af3c34eb56ba790260f252ad8012e1c5",
    "https://deno.land/std@0.224.0/fs/_create_walk_entry.ts": "5d9d2aaec05bcf09a06748b1684224d33eba7a4de24cf4cf5599991ca6b5b412",
    "https://deno.land/std@0.224.0/fs/_get_file_info_type.ts": "da7bec18a7661dba360a1db475b826b18977582ce6fc9b25f3d4ee0403fe8cbd",
    "https://deno.land/std@0.224.0/fs/_is_same_path.ts": "709c95868345fea051c58b9e96af95cff94e6ae98dfcff2b66dee0c212c4221f",
    "https://deno.land/std@0.224.0/fs/_is_subdir.ts": "c68b309d46cc8568ed83c000f608a61bbdba0943b7524e7a30f9e450cf67eecd",
    "https://deno.land/std@0.224.0/fs/_to_path_string.ts": "29bfc9c6c112254961d75cbf6ba814d6de5349767818eb93090cecfa9665591e",
    "https://deno.land/std@0.224.0/fs/copy.ts": "7ab12a16adb65d155d4943c88081ca16ce3b0b5acada64c1ce93800653678039",
    "https://deno.land/std@0.224.0/fs/empty_dir.ts": "e400e96e1d2c8c558a5a1712063bd43939e00619c1d1cc29959babc6f1639418",
    "https://deno.land/std@0.224.0/fs/ensure_dir.ts": "51a6279016c65d2985f8803c848e2888e206d1b510686a509fa7cc34ce59d29f",
    "https://deno.land/std@0.224.0/fs/ensure_file.ts": "67608cf550529f3d4aa1f8b6b36bf817bdc40b14487bf8f60e61cbf68f507cf3",
    "https://deno.land/std@0.224.0/fs/ensure_link.ts": "5c98503ebfa9cc05e2f2efaa30e91e60b4dd5b43ebbda82f435c0a5c6e3ffa01",
    "https://deno.land/std@0.224.0/fs/ensure_symlink.ts": "cafe904cebacb9a761977d6dbf5e3af938be946a723bb394080b9a52714fafe4",
    "https://deno.land/std@0.224.0/fs/eol.ts": "18c4ac009d0318504c285879eb7f47942643f13619e0ff070a0edc59353306bd",
    "https://deno.land/std@0.224.0/fs/exists.ts": "3d38cb7dcbca3cf313be343a7b8af18a87bddb4b5ca1bd2314be12d06533b50f",
    "https://deno.land/std@0.224.0/fs/expand_glob.ts": "2e428d90acc6676b2aa7b5c78ef48f30641b13f1fe658e7976c9064fb4b05309",
    "https://deno.land/std@0.224.0/fs/mod.ts": "c25e6802cbf27f3050f60b26b00c2d8dba1cb7fcdafe34c66006a7473b7b34d4",
    "https://deno.land/std@0.224.0/fs/move.ts": "ca205d848908d7f217353bc5c623627b1333490b8b5d3ef4cab600a700c9bd8f",
    "https://deno.land/std@0.224.0/fs/walk.ts": "cddf87d2705c0163bff5d7767291f05b0f46ba10b8b28f227c3849cace08d303",
    "https://deno.land/std@0.224.0/http/etag.ts": "9ca56531be682f202e4239971931060b688ee5c362688e239eeaca39db9e72cb",
    "https://deno.land/std@0.224.0/http/file_server.ts": "2a5392195b8e7713288f274d071711b705bb5b3220294d76cce495d456c61a93",
    "https://deno.land/std@0.224.0/http/status.ts": "ed61b4882af2514a81aefd3245e8df4c47b9a8e54929a903577643d2d1ebf514",
    "https://deno.land/std@0.224.0/media_types/_db.ts": "19563a2491cd81b53b9c1c6ffd1a9145c355042d4a854c52f6e1424f73ff3923",
    "https://deno.land/std@0.224.0/media_types/_util.ts": "e0b8da0c7d8ad2015cf27ac16ddf0809ac984b2f3ec79f7fa4206659d4f10deb",
    "https://deno.land/std@0.224.0/media_types/content_type.ts": "ed3f2e1f243b418ad3f441edc95fd92efbadb0f9bde36219c7564c67f9639513",
    "https://deno.land/std@0.224.0/media_types/format_media_type.ts": "ffef4718afa2489530cb94021bb865a466eb02037609f7e82899c017959d288a",
    "https://deno.land/std@0.224.0/media_types/get_charset.ts": "277ebfceb205bd34e616fe6764ef03fb277b77f040706272bea8680806ae3f11",
    "https://deno.land/std@0.224.0/media_types/parse_media_type.ts": "487f000a38c230ccbac25420a50f600862e06796d0eee19d19631b9e84ee9654",
    "https://deno.land/std@0.224.0/media_types/type_by_extension.ts": "bf4e3f5d6b58b624d5daa01cbb8b1e86d9939940a77e7c26e796a075b60ec73b",
    "https://deno.land/std@0.224.0/media_types/vendor/mime-db.v1.52.0.ts": "0218d2c7d900e8cd6fa4a866e0c387712af4af9a1bae55d6b2546c73d273a1e6",
    "https://deno.land/std@0.224.0/path/_common/assert_path.ts": "dbdd757a465b690b2cc72fc5fb7698c51507dec6bfafce4ca500c46b76ff7bd8",
    "https://deno.land/std@0.224.0/path/_common/basename.ts": "569744855bc8445f3a56087fd2aed56bdad39da971a8d92b138c9913aecc5fa2",
    "https://deno.land/std@0.224.0/path/_common/constants.ts": "dc5f8057159f4b48cd304eb3027e42f1148cf4df1fb4240774d3492b5d12ac0c",
    "https://deno.land/std@0.224.0/path/_common/dirname.ts": "684df4aa71a04bbcc346c692c8485594fc8a90b9408dfbc26ff32cf3e0c98cc8",
    "https://deno.land/std@0.224.0/path/_common/from_file_url.ts": "d672bdeebc11bf80e99bf266f886c70963107bdd31134c4e249eef51133ceccf",
    "https://deno.land/std@0.224.0/path/_common/glob_to_reg_exp.ts": "6cac16d5c2dc23af7d66348a7ce430e5de4e70b0eede074bdbcf4903f4374d8d",
    "https://deno.land/std@0.224.0/path/_common/normalize.ts": "684df4aa71a04bbcc346c692c8485594fc8a90b9408dfbc26ff32cf3e0c98cc8",
    "https://deno.land/std@0.224.0/path/_common/normalize_string.ts": "33edef773c2a8e242761f731adeb2bd6d683e9c69e4e3d0092985bede74f4ac3",
    "https://deno.land/std@0.224.0/path/_common/relative.ts": "faa2753d9b32320ed4ada0733261e3357c186e5705678d9dd08b97527deae607",
    "https://deno.land/std@0.224.0/path/_common/strip_trailing_separators.ts": "7024a93447efcdcfeaa9339a98fa63ef9d53de363f1fbe9858970f1bba02655a",
    "https://deno.land/std@0.224.0/path/_os.ts": "8fb9b90fb6b753bd8c77cfd8a33c2ff6c5f5bc185f50de8ca4ac6a05710b2c15",
    "https://deno.land/std@0.224.0/path/basename.ts": "7ee495c2d1ee516ffff48fb9a93267ba928b5a3486b550be73071bc14f8cc63e",
    "https://deno.land/std@0.224.0/path/constants.ts": "0c206169ca104938ede9da48ac952de288f23343304a1c3cb6ec7625e7325f36",
    "https://deno.land/std@0.224.0/path/dirname.ts": "85bd955bf31d62c9aafdd7ff561c4b5fb587d11a9a5a45e2b01aedffa4238a7c",
    "https://deno.land/std@0.224.0/path/extname.ts": "593303db8ae8c865cbd9ceec6e55d4b9ac5410c1e276bfd3131916591b954441",
    "https://deno.land/std@0.224.0/path/from_file_url.ts": "911833ae4fd10a1c84f6271f36151ab785955849117dc48c6e43b929504ee069",
    "https://deno.land/std@0.224.0/path/glob_to_regexp.ts": "7f30f0a21439cadfdae1be1bf370880b415e676097fda584a63ce319053b5972",
    "https://deno.land/std@0.224.0/path/is_absolute.ts": "4791afc8bfd0c87f0526eaa616b0d16e7b3ab6a65b62942e50eac68de4ef67d7",
    "https://deno.land/std@0.224.0/path/is_glob.ts": "a65f6195d3058c3050ab905705891b412ff942a292bcbaa1a807a74439a14141",
    "https://deno.land/std@0.224.0/path/join.ts": "ae2ec5ca44c7e84a235fd532e4a0116bfb1f2368b394db1c4fb75e3c0f26a33a",
    "https://deno.land/std@0.224.0/path/join_globs.ts": "5b3bf248b93247194f94fa6947b612ab9d3abd571ca8386cf7789038545e54a0",
    "https://deno.land/std@0.224.0/path/normalize.ts": "4155743ccceeed319b350c1e62e931600272fad8ad00c417b91df093867a8352",
    "https://deno.land/std@0.224.0/path/posix/_util.ts": "1e3937da30f080bfc99fe45d7ed23c47dd8585c5e473b2d771380d3a6937cf9d",
    "https://deno.land/std@0.224.0/path/posix/basename.ts": "d2fa5fbbb1c5a3ab8b9326458a8d4ceac77580961b3739cd5bfd1d3541a3e5f0",
    "https://deno.land/std@0.224.0/path/posix/constants.ts": "93481efb98cdffa4c719c22a0182b994e5a6aed3047e1962f6c2c75b7592bef1",
    "https://deno.land/std@0.224.0/path/posix/dirname.ts": "76cd348ffe92345711409f88d4d8561d8645353ac215c8e9c80140069bf42f00",
    "https://deno.land/std@0.224.0/path/posix/extname.ts": "e398c1d9d1908d3756a7ed94199fcd169e79466dd88feffd2f47ce0abf9d61d2",
    "https://deno.land/std@0.224.0/path/posix/from_file_url.ts": "951aee3a2c46fd0ed488899d024c6352b59154c70552e90885ed0c2ab699bc40",
    "https://deno.land/std@0.224.0/path/posix/glob_to_regexp.ts": "76f012fcdb22c04b633f536c0b9644d100861bea36e9da56a94b9c589a742e8f",
    "https://deno.land/std@0.224.0/path/posix/is_absolute.ts": "cebe561ad0ae294f0ce0365a1879dcfca8abd872821519b4fcc8d8967f888ede",
    "https://deno.land/std@0.224.0/path/posix/join.ts": "7fc2cb3716aa1b863e990baf30b101d768db479e70b7313b4866a088db016f63",
    "https://deno.land/std@0.224.0/path/posix/join_globs.ts": "a9475b44645feddceb484ee0498e456f4add112e181cb94042cdc6d47d1cdd25",
    "https://deno.land/std@0.224.0/path/posix/normalize.ts": "baeb49816a8299f90a0237d214cef46f00ba3e95c0d2ceb74205a6a584b58a91",
    "https://deno.land/std@0.224.0/path/posix/normalize_glob.ts": "9c87a829b6c0f445d03b3ecadc14492e2864c3ebb966f4cea41e98326e4435c6",
    "https://deno.land/std@0.224.0/path/posix/relative.ts": "3907d6eda41f0ff723d336125a1ad4349112cd4d48f693859980314d5b9da31c",
    "https://deno.land/std@0.224.0/path/posix/resolve.ts": "08b699cfeee10cb6857ccab38fa4b2ec703b0ea33e8e69964f29d02a2d5257cf",
    "https://deno.land/std@0.224.0/path/relative.ts": "ab739d727180ed8727e34ed71d976912461d98e2b76de3d3de834c1066667add",
    "https://deno.land/std@0.224.0/path/resolve.ts": "a6f977bdb4272e79d8d0ed4333e3d71367cc3926acf15ac271f1d059c8494d8d",
    "https://deno.land/std@0.224.0/path/windows/_util.ts": "d5f47363e5293fced22c984550d5e70e98e266cc3f31769e1710511803d04808",
    "https://deno.land/std@0.224.0/path/windows/basename.ts": "6bbc57bac9df2cec43288c8c5334919418d784243a00bc10de67d392ab36d660",
    "https://deno.land/std@0.224.0/path/windows/constants.ts": "5afaac0a1f67b68b0a380a4ef391bf59feb55856aa8c60dfc01bd3b6abb813f5",
    "https://deno.land/std@0.224.0/path/windows/dirname.ts": "33e421be5a5558a1346a48e74c330b8e560be7424ed7684ea03c12c21b627bc9",
    "https://deno.land/std@0.224.0/path/windows/extname.ts": "165a61b00d781257fda1e9606a48c78b06815385e7d703232548dbfc95346bef",
    "https://deno.land/std@0.224.0/path/windows/from_file_url.ts": "ced2d587b6dff18f963f269d745c4a599cf82b0c4007356bd957cb4cb52efc01",
    "https://deno.land/std@0.224.0/path/windows/glob_to_regexp.ts": "e45f1f89bf3fc36f94ab7b3b9d0026729829fabc486c77f414caebef3b7304f8",
    "https://deno.land/std@0.224.0/path/windows/is_absolute.ts": "4a8f6853f8598cf91a835f41abed42112cebab09478b072e4beb00ec81f8ca8a",
    "https://deno.land/std@0.224.0/path/windows/join.ts": "8d03530ab89195185103b7da9dfc6327af13eabdcd44c7c63e42e27808f50ecf",
    "https://deno.land/std@0.224.0/path/windows/join_globs.ts": "a9475b44645feddceb484ee0498e456f4add112e181cb94042cdc6d47d1cdd25",
    "https://deno.land/std@0.224.0/path/windows/normalize.ts": "78126170ab917f0ca355a9af9e65ad6bfa5be14d574c5fb09bb1920f52577780",
    "https://deno.land/std@0.224.0/path/windows/normalize_glob.ts": "9c87a829b6c0f445d03b3ecadc14492e2864c3ebb966f4cea41e98326e4435c6",
    "https://deno.land/std@0.224.0/path/windows/relative.ts": "3e1abc7977ee6cc0db2730d1f9cb38be87b0ce4806759d271a70e4997fc638d7",
    "https://deno.land/std@0.224.0/path/windows/resolve.ts": "8dae1dadfed9d46ff46cc337c9525c0c7d959fb400a6308f34595c45bdca1972",
    "https://deno.land/std@0.224.0/streams/byte_slice_stream.ts": "5bbdcadb118390affa9b3d0a0f73ef8e83754f59bb89df349add669dd9369713",
    "https://deno.land/std@0.224.0/version.ts": "f6a28c9704d82d1c095988777e30e6172eb674a6570974a0d27a653be769bbbe",
    "https://esm.sh/ol@10.7.0/Feature.js": "3e3d7a6719d6bd4a5a753fb893d579b0fa69c20cc6e73d9bbce61bf7217ddae5",
    "https://esm.sh/ol@10.7.0/Map.js": "030dd4beb07cf4c6ebf948e6ada409ab9aae459ed94108cb1ee71b38d7c244a9",
    "https://esm.sh/ol@10.7.0/Overlay.js": "6996a2a9eeb3348f80001690a5a6af1e955f46bfe15dd1c0d08e712551e7d8dc",
    "https://esm.sh/ol@10.7.0/View.js": "08aa0bb720f44508b06c73e50f1b6946863bfc1022295e20215528cce0493a7e",
    "https://esm.sh/ol@10.7.0/denonext/Collection.mjs": "d901f73877fdfa3713b66dfe9394f6b38a38a4dc92050982a438fc5e0148722d",
    "https://esm.sh/ol@10.7.0/denonext/CollectionEventType.mjs": "7cca5d208f1d22b3e81a20ff44377f02eac71bdaf100c40cf4d02bfec6799014",
    "https://esm.sh/ol@10.7.0/denonext/DataTile.mjs": "5da23d963789009420c72970670f2bb772b73c5f3546bb79bc10097f9e496d8a",
    "https://esm.sh/ol@10.7.0/denonext/Disposable.mjs": "e88763777275fdaafb2a7c2e23a22ef6ba187b9a974fef33ff105c8d676a6f58",
    "https://esm.sh/ol@10.7.0/denonext/Feature.mjs": "6be2c91cc213e31ef305006eab648e979532ae21babcf3056de4bff161af74fe",
    "https://esm.sh/ol@10.7.0/denonext/Image.mjs": "4114482176a0abff25d97aa77d75c7e9826c6072ffcea766695363421c08b5dd",
    "https://esm.sh/ol@10.7.0/denonext/ImageState.mjs": "421fd3812ce93f603ebf757ccfdd4dcf59ecb9fe95745027c6fed781c9551d28",
    "https://esm.sh/ol@10.7.0/denonext/ImageTile.mjs": "66a0bbc9dc692a9ec31f0dacc882b61680fdde03ced63a9e9a5b7a448cb57e28",
    "https://esm.sh/ol@10.7.0/denonext/Kinetic.mjs": "ff5d328e449f5bd581f3e48e2cc9d1d87247879dd5e5b7ebe334a03e2746d32d",
    "https://esm.sh/ol@10.7.0/denonext/Map.mjs": "63f3a538d0e10f73a4e190d17f3f7c00cbf4a3951c340f299ae9dd8280add332",
    "https://esm.sh/ol@10.7.0/denonext/MapBrowserEvent.mjs": "cc16a5718d8b323c62ff843ffd955b865d35ebb0aa6a04dbf5daa95dfa6f89c4",
    "https://esm.sh/ol@10.7.0/denonext/MapBrowserEventHandler.mjs": "98fc28c0501b62863648485255033c0fd24c2d8fedbbcabe231e9afcb474f5c1",
    "https://esm.sh/ol@10.7.0/denonext/MapBrowserEventType.mjs": "812ad8e04a765014a7643b319f9388a71dbf288fb5b333363fcdf6935e347e1c",
    "https://esm.sh/ol@10.7.0/denonext/MapEvent.mjs": "382835855364cd97affb7868ba8d9a2ec7117f1e401b49ebaecb96ba9305b69d",
    "https://esm.sh/ol@10.7.0/denonext/MapEventType.mjs": "22d3873306516139a0d566adc2fe2f182fd1c7b90d1d922117722b1aa4b12f55",
    "https://esm.sh/ol@10.7.0/denonext/MapProperty.mjs": "dc0614a2064a1433663e1a318368241450c98fc95ecd5fa3f527c53358b8a608",
    "https://esm.sh/ol@10.7.0/denonext/Object.mjs": "a269be9e24449de2047f9460a893f487869cf0c571428a57d948d7812fce60fc",
    "https://esm.sh/ol@10.7.0/denonext/ObjectEventType.mjs": "22600ee3f2e2349b61a54da9be311a802a850b59363528ee7439fabd53da06d2",
    "https://esm.sh/ol@10.7.0/denonext/Observable.mjs": "a9a51d0e6742ac8d4c0b53f17682b561ef7c428f76b6d5b6aaf3a72f6fb92810",
    "https://esm.sh/ol@10.7.0/denonext/Overlay.mjs": "e27ac75b26b987353a4079c5eb510004c4e6aa3c1612c9b1221e79c7aa9c0b6b",
    "https://esm.sh/ol@10.7.0/denonext/Tile.mjs": "be171f2bfe0cc9843dbeb81d6a0c0eb9b0cb75524e4bb0f0c13f651e40afbb85",
    "https://esm.sh/ol@10.7.0/denonext/TileQueue.mjs": "87b47c2ea7fc6257744adf3251df19bc5135dd1049790933e52d892cff847779",
    "https://esm.sh/ol@10.7.0/denonext/TileRange.mjs": "219f68160e4cb910cfcf5a3d99130a9c170d0e268a6f2fa68f90ecccf0801c41",
    "https://esm.sh/ol@10.7.0/denonext/TileState.mjs": "110a3cedcf298d1c80c9eaad3560d081b6ac8c1ed632b33fdf46c8c497f15d9d",
    "https://esm.sh/ol@10.7.0/denonext/View.mjs": "8dfae8b92d1fd35f2bbd840f102533067d5261060861ced5a82ffbcaa0d7c28e",
    "https://esm.sh/ol@10.7.0/denonext/ViewHint.mjs": "fbba4ef13bc24110fea6860c378bada3336ea36fed5d4bd4981abcfd33dfbd94",
    "https://esm.sh/ol@10.7.0/denonext/ViewProperty.mjs": "d1a2fb811b62f71aa9f7fca9b5fc2eb9cb905d6222094d159f5d2244f4d3e165",
    "https://esm.sh/ol@10.7.0/denonext/array.mjs": "303d540e18cce5e4f6a843a4172ae8aa5ad67a59815eeb8a8ac8d3e3622a8a47",
    "https://esm.sh/ol@10.7.0/denonext/asserts.mjs": "a672607d1181ddd10887e452839f2a90f8a42183215f748b1a124352691fcc66",
    "https://esm.sh/ol@10.7.0/denonext/centerconstraint.mjs": "c996d1677d7a197cf8f09b1d6ec78b77c303a2117d13243ee5e75cc7554e5d3b",
    "https://esm.sh/ol@10.7.0/denonext/color.mjs": "eefcd2a26cfd10be8ce67987fdb0aab5ee15feff6815e3e2c3570ec79049c6d4",
    "https://esm.sh/ol@10.7.0/denonext/colorlike.mjs": "c1771cd46c22294bf27c4c66ebabcf0ae1621fa62aafd8ef3fd593d87ff9726e",
    "https://esm.sh/ol@10.7.0/denonext/console.mjs": "d831bbb3e1b2d1afc5ba391ebcb0c64e2c2191b0b283bc4be8652895c7514c9f",
    "https://esm.sh/ol@10.7.0/denonext/control/Attribution.mjs": "9f8280755876b7ad21e9c48e5ee8c20a9235aff4d7f150e0e7b390c5ba3db1b1",
    "https://esm.sh/ol@10.7.0/denonext/control/Control.mjs": "2682a1424086ac0197d91e92e857b32b821f5ebe13e9efe54561a44eab2b363d",
    "https://esm.sh/ol@10.7.0/denonext/control/Rotate.mjs": "47d1695e96c0f1bd1cef268fc95bb9a4a629592cf264d904fd228c1485430cbd",
    "https://esm.sh/ol@10.7.0/denonext/control/Zoom.mjs": "82658c9f6dc02840517eb27b975cee68e7e5855358a2c0580ca7034d965fdc97",
    "https://esm.sh/ol@10.7.0/denonext/control/defaults.mjs": "827867c3775305123aca47c73f1f2c874758f6575c2d2635426c627f401138c0",
    "https://esm.sh/ol@10.7.0/denonext/coordinate.mjs": "d9c86a0238ef5e36891e608d182c98d94da15379f989c8578be206f8ccf263d2",
    "https://esm.sh/ol@10.7.0/denonext/css.mjs": "b70305ab808d8b27aeb8741fde008646a4e513504cece914f4b576a971636609",
    "https://esm.sh/ol@10.7.0/denonext/dom.mjs": "825f9c96e78793b92cd094d5f2e980dccfc67f5d45b36fd627679a1be28b527b",
    "https://esm.sh/ol@10.7.0/denonext/easing.mjs": "0a977ae4a7ec19f62467947941aa442d8a98bcac7a62bde0e73ff29591fe2700",
    "https://esm.sh/ol@10.7.0/denonext/events.mjs": "1bb5797ee1cdcd2197ad638f878318485326ce31b6cfe929dfa1c537cc390dcb",
    "https://esm.sh/ol@10.7.0/denonext/events/Event.mjs": "01a25338e5933ac46f9032499f0e29be4979cfe7dd02bb1be48d5fe0e0341864",
    "https://esm.sh/ol@10.7.0/denonext/events/EventType.mjs": "7b9359170c638c8a1f0fdf63e042c3ba5855960111f5ab08b1be510825db6734",
    "https://esm.sh/ol@10.7.0/denonext/events/Key.mjs": "725da4093f2fc75e15fc209808c23a8c6b45a3f82b5dadca11500007165589dc",
    "https://esm.sh/ol@10.7.0/denonext/events/Target.mjs": "7c1b185a80aec3e90c8142f7704f7b3492c176f0c05714d7c55bec07720c21c7",
    "https://esm.sh/ol@10.7.0/denonext/events/condition.mjs": "3aa93bf74e610977b0b7ef468c03bd3eaae7219ada0ae5e861461571fb221e66",
    "https://esm.sh/ol@10.7.0/denonext/expr/cpu.mjs": "a47c83762088dab6c94785977be7f240742c544ab11a2c176f97d2e43bb81f4c",
    "https://esm.sh/ol@10.7.0/denonext/expr/expression.mjs": "d8371a958411aed66e47e5fbafb4304815ecae0ed8ae1f5191ea1ef33258d1c6",
    "https://esm.sh/ol@10.7.0/denonext/extent.mjs": "801fa2ba23d1af572827e38b224b63e530b782f88c2bdd6922b6c916e168e6e5",
    "https://esm.sh/ol@10.7.0/denonext/extent/Relationship.mjs": "730ce260956778932328ee6f4727e2998747ab5488339223842e462779fad124",
    "https://esm.sh/ol@10.7.0/denonext/featureloader.mjs": "e58fad0fc0d511eeb97ad6f1281be29d638b9138c359b99a53aa2d16ac9cd716",
    "https://esm.sh/ol@10.7.0/denonext/functions.mjs": "a1dc25931602d98ae4d7adde6c8c7b7c4af010d6dcc57709db05ae6b1e33fdcf",
    "https://esm.sh/ol@10.7.0/denonext/geom.mjs": "6509cdda789df726ec30f0283690ef58ef573c36117ea6a3a77801f2ec0ec446",
    "https://esm.sh/ol@10.7.0/denonext/geom/Circle.mjs": "57f7e61d8b24c7c216c42bac1b6d8d6d68da2c542eee44a901805964b3d4764e",
    "https://esm.sh/ol@10.7.0/denonext/geom/Geometry.mjs": "5ebfe64af2e1f1d93eab17700201c05644cceb8a3acbd77eb3bf9672a8a3bb7f",
    "https://esm.sh/ol@10.7.0/denonext/geom/GeometryCollection.mjs": "b8e7ff4bb70742e8b72f000160ca28c5b54609fe06c85ce4ed67834e54d505f5",
    "https://esm.sh/ol@10.7.0/denonext/geom/LineString.mjs": "b11e2c558973daacdfb82d02f3757dc252a2b0b64f0b7a90380a5a1957104ede",
    "https://esm.sh/ol@10.7.0/denonext/geom/LinearRing.mjs": "90708dd6ffffa4793cbebb25d36a9bd6543d9723b0a8a674d999d4f390a527dc",
    "https://esm.sh/ol@10.7.0/denonext/geom/MultiLineString.mjs": "8da8b201b76f5c1103ed5e60d2943f6003fb5d49fd11244d86c302b25e14809b",
    "https://esm.sh/ol@10.7.0/denonext/geom/MultiPoint.mjs": "8e28bbf339acb99789fdbd148ce885c13f462645f4b98bfcaffd5b0867ccc568",
    "https://esm.sh/ol@10.7.0/denonext/geom/MultiPolygon.mjs": "21dcd034eb5645b238c4262d96912371fff943ad80d9fece035b20729e80cb30",
    "https://esm.sh/ol@10.7.0/denonext/geom/Point.mjs": "2d6e4043b328f1d1a45dc84011978f95275e7fcf16f12bf4543afbc2dad3b420",
    "https://esm.sh/ol@10.7.0/denonext/geom/Polygon.mjs": "c19559170868fb26639b80e7ea1a5a823b4bdf53198690c9faa06685fd1dc61a",
    "https://esm.sh/ol@10.7.0/denonext/geom/SimpleGeometry.mjs": "1c5ed7a1b4972e5a5ced2d7bdadc90ce44db6d572347516c50df7e6485ef005a",
    "https://esm.sh/ol@10.7.0/denonext/geom/flat/area.mjs": "4d852d2323d228c662e1711ad1e6726805ec14a1e013d249f0d64afc19b32d33",
    "https://esm.sh/ol@10.7.0/denonext/geom/flat/center.mjs": "058ae980305879337d0dfcee9a85aafed1e12f8bc5110a707a866a22b746f537",
    "https://esm.sh/ol@10.7.0/denonext/geom/flat/closest.mjs": "32684624c7531cd1cd703a9c5df4b0f634c5dab118fc293d4451ef93ad97afad",
    "https://esm.sh/ol@10.7.0/denonext/geom/flat/contains.mjs": "d1e6a50561a33c875ddbd0ea881eccc033b6ab3f4e6d65bd07a30e783f60c828",
    "https://esm.sh/ol@10.7.0/denonext/geom/flat/deflate.mjs": "a15c78f8a7575774359c2aaae303206799340dc5c53e563f4452387c868062cf",
    "https://esm.sh/ol@10.7.0/denonext/geom/flat/inflate.mjs": "ec3d469b6da8e751bbfcb470be4786b3cbe7c08fd645bcd9ea6cddc322d7f4c8",
    "https://esm.sh/ol@10.7.0/denonext/geom/flat/interiorpoint.mjs": "fa515013ed35d704ee95ed05121829195677e38bf3a9bd612f0ee4ffc1f629bc",
    "https://esm.sh/ol@10.7.0/denonext/geom/flat/interpolate.mjs": "f6cc264859c8633cf9126fa166ade8dc3098c605b3872f4296235d17b629990c",
    "https://esm.sh/ol@10.7.0/denonext/geom/flat/intersectsextent.mjs": "c16010935a76ef68aad7735c9c87399a0be1c03777499b565429797a6e17ca35",
    "https://esm.sh/ol@10.7.0/denonext/geom/flat/length.mjs": "e39e5dab8957c9f101083ca54a4fd32ad3b1b68333c4cb676d73ce94d8e4bc92",
    "https://esm.sh/ol@10.7.0/denonext/geom/flat/linechunk.mjs": "9da291f43f706f20138e62328f0dc185dd70624228287f47e25fe117b92afe86",
    "https://esm.sh/ol@10.7.0/denonext/geom/flat/orient.mjs": "4f8cb1095a347d2ce2bb763e1ab77e94360649ceee513670862541c170a72165",
    "https://esm.sh/ol@10.7.0/denonext/geom/flat/reverse.mjs": "d52a22a106962d54e00d9d738739c2860e599260a2ef2868e4016a6b87b94160",
    "https://esm.sh/ol@10.7.0/denonext/geom/flat/segments.mjs": "294b575bab0cab81069a609411b30844e4ef9c0a9e500468f872dd08b99c9a5f",
    "https://esm.sh/ol@10.7.0/denonext/geom/flat/simplify.mjs": "c75c48b6dbee3f43558cc35e0c1128d9e150e82be26d34e5a8a24577c6f40658",
    "https://esm.sh/ol@10.7.0/denonext/geom/flat/straightchunk.mjs": "c121a6d4836bf30f370278b118177361e222b6d3104d4d5a4501a080316f4bf8",
    "https://esm.sh/ol@10.7.0/denonext/geom/flat/textpath.mjs": "2f695a5bfe66f9d9063475d7fcbf8da49fce4876b4e7cecf3a0d3765f0f662a4",
    "https://esm.sh/ol@10.7.0/denonext/geom/flat/transform.mjs": "41d4177a1057cec081d5e528fd238134afe8d4d42c3a05dcf0c8f3de6fc25755",
    "https://esm.sh/ol@10.7.0/denonext/has.mjs": "a0ac226baeb468f3899d42ad37aa8183f8be410966faf9812daac6222daabb98",
    "https://esm.sh/ol@10.7.0/denonext/interaction/DoubleClickZoom.mjs": "9f97ebde698fa86084cb88c9baa94e047ebc6e3c4614fa8fcd0dfd70a7ccfe69",
    "https://esm.sh/ol@10.7.0/denonext/interaction/DragBox.mjs": "d8a8de932fd76b4f283d35e844fd2f41266e6bb6e4817adad790d939cbea63f0",
    "https://esm.sh/ol@10.7.0/denonext/interaction/DragPan.mjs": "f3efc0b285e858d18d6ddfc7a106567e7fb8bb792bdc769e194b86a5cc90db7c",
    "https://esm.sh/ol@10.7.0/denonext/interaction/DragRotate.mjs": "abb13c7f00810db7e07fc3feefdecad3800e27250004c1071d467593c49da154",
    "https://esm.sh/ol@10.7.0/denonext/interaction/DragZoom.mjs": "2d78eab0503b0670f9444fae7c2dadec4637c3d0f5dccff3312c111ed66355f5",
    "https://esm.sh/ol@10.7.0/denonext/interaction/Interaction.mjs": "52e89f150bef25e12a4883be9517eef2a0b65d0545d751d47e9259f200e5b1c0",
    "https://esm.sh/ol@10.7.0/denonext/interaction/KeyboardPan.mjs": "911651dfb666a1f540fb414404f384952aab6d474d5f7fcd540d73a87d735bfa",
    "https://esm.sh/ol@10.7.0/denonext/interaction/KeyboardZoom.mjs": "5d2885cea7797f7e9c0d5fb31954fb7f97158f2ab0ede12adf68a80c147d5b0f",
    "https://esm.sh/ol@10.7.0/denonext/interaction/MouseWheelZoom.mjs": "009f65b8f4ff68c2a91db02ee300a17b084231de2076fdad11212393fc37928f",
    "https://esm.sh/ol@10.7.0/denonext/interaction/PinchRotate.mjs": "60341f7d776460f3e6b12e1c04788cc6e98bcdc435149376500e43693f806cbd",
    "https://esm.sh/ol@10.7.0/denonext/interaction/PinchZoom.mjs": "239c55a7978b0b823d77c49da76516aebe1abf4e11169c4e8b5ebeb45add61e6",
    "https://esm.sh/ol@10.7.0/denonext/interaction/Pointer.mjs": "26bf9afe5f3db062442e7c32d08059143e87ba925c6218e9c1792d9f72955a53",
    "https://esm.sh/ol@10.7.0/denonext/interaction/Property.mjs": "1bb8ce2b4c7940d3868eef2ba23b1f40431ba7aab124a465e27e3c54780b4a0f",
    "https://esm.sh/ol@10.7.0/denonext/interaction/defaults.mjs": "9eb54a31099095983456341d177f98a8330de79e4edf6c239116d20a0e803da3",
    "https://esm.sh/ol@10.7.0/denonext/layer/Base.mjs": "639f7a4a854aec44a5b74d23acaeb2f2651d60638288b0257ec31339eae4e98a",
    "https://esm.sh/ol@10.7.0/denonext/layer/BaseTile.mjs": "f6bac8971daa69b278f9cf92fc18837a83aef6aff9b689260b25eea2174f607f",
    "https://esm.sh/ol@10.7.0/denonext/layer/BaseVector.mjs": "c0db41cf8e0399343c749152c4687a9b969dc04781d79e4c571e2648eefb4255",
    "https://esm.sh/ol@10.7.0/denonext/layer/Group.mjs": "b56db9933a8ca162d82a083a7d0396d1783463c066102b2e6309538d07df0132",
    "https://esm.sh/ol@10.7.0/denonext/layer/Layer.mjs": "2cddbe701f95ccfbb0e6d33a3a191a031a03474fbb28e1b6bb0719c856903eb1",
    "https://esm.sh/ol@10.7.0/denonext/layer/Property.mjs": "1c0b018356fe81eac78971e5103fe2f750298fa72970f1f83568a1803ca81f5d",
    "https://esm.sh/ol@10.7.0/denonext/layer/Tile.mjs": "af2beb3d0e06216119a5ba2024d0dfd9d6870f690245db87530937b2811c990c",
    "https://esm.sh/ol@10.7.0/denonext/layer/TileProperty.mjs": "11c665baafb4fa617f7ef83dccc644a092d0b35b4a0d68917bc9b04e1fa8c4d7",
    "https://esm.sh/ol@10.7.0/denonext/layer/Vector.mjs": "8afbd3be2b59f1389edb3ba3bf0629ffa1f1037b37c305b9a8c17a4aa68697e6",
    "https://esm.sh/ol@10.7.0/denonext/loadingstrategy.mjs": "62b162960d615901d5a50d2b8ac7d8ffe07aeef89abb10598800fef61b894b19",
    "https://esm.sh/ol@10.7.0/denonext/math.mjs": "1e2503b6d99bc2dcd26b2bbade257ab148cf63336c167a8aabc046d3e820011b",
    "https://esm.sh/ol@10.7.0/denonext/obj.mjs": "0124db3a149e5793713faf56ad7739bc5a2adc2cf9c182499c381b3f83ad98c0",
    "https://esm.sh/ol@10.7.0/denonext/pointer/EventType.mjs": "cda845137aaf073ebf272df5f862133ae8358731fcd79333fb90d09d4cfae401",
    "https://esm.sh/ol@10.7.0/denonext/proj.mjs": "5f9d93de040a3aec858d75878e08e002e2427537f73f7956f835ee920549e1c9",
    "https://esm.sh/ol@10.7.0/denonext/proj/Projection.mjs": "f895e873e81d6d74a44d564f7471a2f4edba479703cf29183462d2a2ace37010",
    "https://esm.sh/ol@10.7.0/denonext/proj/Units.mjs": "9d96d32755965be88a7c2545bfd34dc3e329a7190c51e01dfc55a5088d0bfb7e",
    "https://esm.sh/ol@10.7.0/denonext/proj/epsg3857.mjs": "100f88157aacf4802e15de73aa63d5c2df87b84ff417243cb7568580f1733fe0",
    "https://esm.sh/ol@10.7.0/denonext/proj/epsg4326.mjs": "0546bd17d82eda2654e69261e413709cc6868610f9184454abe13df0a1ac86d8",
    "https://esm.sh/ol@10.7.0/denonext/proj/projections.mjs": "bbd541d268f71ab628fdcf4357039e834684d66eba30393830cd879b15ee25d8",
    "https://esm.sh/ol@10.7.0/denonext/proj/transforms.mjs": "5939368798a3d69a3bf36a876b13e5a7cab7bfd825dbffbad87e08d0be8f2ff9",
    "https://esm.sh/ol@10.7.0/denonext/proj/utm.mjs": "04fd108b8e53e4bbbca9cf7d4bf553db58c780694f6481c092395fe47480b398",
    "https://esm.sh/ol@10.7.0/denonext/render/Box.mjs": "b335476a1182064818496c229734b525f7aead74b523cd9a0a4543a5b89b9b56",
    "https://esm.sh/ol@10.7.0/denonext/render/Event.mjs": "f09972f59df44378d4fb70436c1c701a26359fb9f293de00a4190acf26295e6b",
    "https://esm.sh/ol@10.7.0/denonext/render/EventType.mjs": "0d42ede390748637c5f1b7f2579fe882158b4b32fd4080892e9e4a6432bede8e",
    "https://esm.sh/ol@10.7.0/denonext/render/Feature.mjs": "af19068849578abb84e775083a1ccbcb7e8e96c835ae1eae81eb06aed026cd25",
    "https://esm.sh/ol@10.7.0/denonext/render/VectorContext.mjs": "27f5e93c34b4cd454bcd5bcab1d5478e8b6c67770cd9904a7ab4582f8ea28ce1",
    "https://esm.sh/ol@10.7.0/denonext/render/canvas.mjs": "214aeda5a768b9bd995e1bbe31c763c0093802cee049120059adaa3797adfeca",
    "https://esm.sh/ol@10.7.0/denonext/render/canvas/Builder.mjs": "50efccd69f252068caa49fb63e3b16305809416630ed156092136ac79e6960b3",
    "https://esm.sh/ol@10.7.0/denonext/render/canvas/BuilderGroup.mjs": "06231a75b8267d5eb6ddbe90ca4f102813f7c4c44e3614b5a0ee8f5dfd7cee57",
    "https://esm.sh/ol@10.7.0/denonext/render/canvas/Executor.mjs": "5150ca80c8aeed03a688656bfb23811abb8f2a8fc5680620b0eb51e94d72fde4",
    "https://esm.sh/ol@10.7.0/denonext/render/canvas/ExecutorGroup.mjs": "ed354dce32a74437956dff91a83a145fa7ccec598eb20c0b977b8e00eeb8f506",
    "https://esm.sh/ol@10.7.0/denonext/render/canvas/ImageBuilder.mjs": "3cbd10b6a2cf3f6e80486d78a54faa0d74bda6483e075e5600f57785c178b9df",
    "https://esm.sh/ol@10.7.0/denonext/render/canvas/Immediate.mjs": "0649c56934a404a2ff3d17372cf544c96173f5af1e493d0cfcdc245716102936",
    "https://esm.sh/ol@10.7.0/denonext/render/canvas/Instruction.mjs": "474e0850f19cec591f0ba07d58a738842f0d10171126463a4d83226962209028",
    "https://esm.sh/ol@10.7.0/denonext/render/canvas/LineStringBuilder.mjs": "8f70f212d1ad694e4714e8cf48589a249bbd5518ec875e4290339cdc5b270d55",
    "https://esm.sh/ol@10.7.0/denonext/render/canvas/PolygonBuilder.mjs": "9df1911b10ec47e2ed0b3093cb9553b74135ecb84ff220ae6d7791741b56a71a",
    "https://esm.sh/ol@10.7.0/denonext/render/canvas/TextBuilder.mjs": "48e2b8afb5233e861be2701365b00ae25c78568af54a6907b5540715bc324a05",
    "https://esm.sh/ol@10.7.0/denonext/render/canvas/ZIndexContext.mjs": "b33b06d1dfe2332b89bf475b7ca5046299170489513287fea3f6135f894d9cc5",
    "https://esm.sh/ol@10.7.0/denonext/render/canvas/hitdetect.mjs": "36ea0a5d2afe9ebe1c6c13d1840be8965806b07c82645b1a5e37e4cb3a92fcab",
    "https://esm.sh/ol@10.7.0/denonext/render/canvas/style.mjs": "484babc982ba8a9b0d68422e081a572f7445c5b743931da6deb054bd30831665",
    "https://esm.sh/ol@10.7.0/denonext/renderer/Composite.mjs": "8c0f1cf31f54705b7fd086810b178ef02657cefd8e6490047f5f98e8f31397ff",
    "https://esm.sh/ol@10.7.0/denonext/renderer/Layer.mjs": "187c37c8b8ea0133cb96fa1d75877b8528c9f2dac3f7c86da03562dd174389f6",
    "https://esm.sh/ol@10.7.0/denonext/renderer/Map.mjs": "cd3eb6aeaf961c834d475ce2ea20f1e35159df0f20e17ecb02bf3ea5ad6163a8",
    "https://esm.sh/ol@10.7.0/denonext/renderer/canvas/Layer.mjs": "99d2ce258b7aec9f0196ed2a59bd38b6c5d04920929e24571da522555b2e0041",
    "https://esm.sh/ol@10.7.0/denonext/renderer/canvas/TileLayer.mjs": "9c1f754cad46048abb1bdcb6e8e071ad64c3f945d839a1bd124ecf4c5db0e45f",
    "https://esm.sh/ol@10.7.0/denonext/renderer/canvas/VectorLayer.mjs": "462dd380c731f014984043c291efb2c4ed1ad273a92a3ef226ae3e127f26f3a5",
    "https://esm.sh/ol@10.7.0/denonext/renderer/vector.mjs": "7eb24d3080a268cb3ca2e26fe830d8df2402cebd84d51b03643cd7a17a47a299",
    "https://esm.sh/ol@10.7.0/denonext/reproj.mjs": "548ed87339661ebba5c957c6a8f1aa1a2384455f1bb8cbc3d10711d265fbbcc3",
    "https://esm.sh/ol@10.7.0/denonext/reproj/Tile.mjs": "0d177e6dc645d5692c5c66e3264335c54a88ed467ff03de1f948c935a9eed32a",
    "https://esm.sh/ol@10.7.0/denonext/reproj/Triangulation.mjs": "32f63d38a42cfc876a44b8dedd692d2ae9178b16ac1a908174c4317273f79c50",
    "https://esm.sh/ol@10.7.0/denonext/reproj/common.mjs": "3bd8655a17eda050f97269042372d756487895f5a095a86142b9e40ca4064008",
    "https://esm.sh/ol@10.7.0/denonext/resolutionconstraint.mjs": "9d92c0b308097eac944d44c1a530a4337b6981904fc4692e6d71446569b017ef",
    "https://esm.sh/ol@10.7.0/denonext/rotationconstraint.mjs": "7dd624a962ab04805f05d2429d77946b297d3f012ad1043273d3cb933a74295e",
    "https://esm.sh/ol@10.7.0/denonext/size.mjs": "b7125d9a422ad3168b667f7c9ddb8432d044b1dea0a279ff3282a2cc128c3389",
    "https://esm.sh/ol@10.7.0/denonext/source/OSM.mjs": "1fea4604d3edc5214af39091b1fe39dad29a172604d50d628bc3ec1894ce39ec",
    "https://esm.sh/ol@10.7.0/denonext/source/Source.mjs": "6c3a962a16de641ef59ab87a3af7397344cc696b567f47fd4f1ea11c26f49006",
    "https://esm.sh/ol@10.7.0/denonext/source/Tile.mjs": "9d34c09bf082717e5ea2943e89d22b9be303da613fe080b98b65c85396d7986c",
    "https://esm.sh/ol@10.7.0/denonext/source/TileEventType.mjs": "098e742474351043656e2eda82ee850f69ef3b990f2554dc935645153fc0f20a",
    "https://esm.sh/ol@10.7.0/denonext/source/TileImage.mjs": "6f7dcb83ce8d655c6973e35fa98d64e809586371e421722251b098e41270eb52",
    "https://esm.sh/ol@10.7.0/denonext/source/UrlTile.mjs": "b2c4ea48885b998d42fa78b7642780c18e98e5e3ab59164e68ca04901e76df7d",
    "https://esm.sh/ol@10.7.0/denonext/source/Vector.mjs": "40784bd55861084759c25abce452d23e762e18ca5e1f8a864d32ba5ee946f966",
    "https://esm.sh/ol@10.7.0/denonext/source/VectorEventType.mjs": "8ebca16015ac1278e5b2e5e49b6e3d057c958eef3a77887b10b4d6838e9fec75",
    "https://esm.sh/ol@10.7.0/denonext/source/XYZ.mjs": "2276b6ef19363c76309439cd727c76084abd677a29522a89a4771869d5a84f4d",
    "https://esm.sh/ol@10.7.0/denonext/sphere.mjs": "b3cd5c7745cbaca9ad2cf46a5f59e62f57bac6a80c4ec4dd3eb9a938be36ac52",
    "https://esm.sh/ol@10.7.0/denonext/string.mjs": "893c6bd3596f1697b7fe9d97341daab8bfae6db6079028c2868ea7ffaa9e65da",
    "https://esm.sh/ol@10.7.0/denonext/structs/LRUCache.mjs": "ab393cbb3966eb3685b904ba9222ce7efbfb7c8d26aa45f28111f523f6e125d8",
    "https://esm.sh/ol@10.7.0/denonext/structs/PriorityQueue.mjs": "b8586ca3a49f2051b31fc922d753d1e671eef0dc7e2dca78f211430f3211281f",
    "https://esm.sh/ol@10.7.0/denonext/structs/RBush.mjs": "92c71efa995613847f554e3e5b40fadc4d9943ec0cff6517675f5db4f18c84f4",
    "https://esm.sh/ol@10.7.0/denonext/style.mjs": "60b1c54da698c16c375aaba12d94538ef95c60d27c0af4ca36073bc641ec34ba",
    "https://esm.sh/ol@10.7.0/denonext/style/Circle.mjs": "9e9cda8d90edb588e3c0ced9a46b4f10e66dd0c50391ee78a5d34518a3e026e4",
    "https://esm.sh/ol@10.7.0/denonext/style/Fill.mjs": "e9382cdbdb24a47b46e24776748ae2eb781af2fcedf3bc4c90afb87c2fba4c92",
    "https://esm.sh/ol@10.7.0/denonext/style/Icon.mjs": "2aa1f6e48c6858fd2dba438419ed02d43007f81331fc32a9174115f273e7e4f1",
    "https://esm.sh/ol@10.7.0/denonext/style/IconImage.mjs": "dd7a8bcb52ba75af6033c3d217be314aa3ed7fcc60b902bf6e410d21f73d24fd",
    "https://esm.sh/ol@10.7.0/denonext/style/IconImageCache.mjs": "89c9de458b19fb0adb9a54c5dd0945210fa84f81003ddcfd55b5b53aa773a6dd",
    "https://esm.sh/ol@10.7.0/denonext/style/Image.mjs": "8149ccd152203bb9565f4e39d6eb770ddcc12d34fb86b6f36830c390ac55fe42",
    "https://esm.sh/ol@10.7.0/denonext/style/RegularShape.mjs": "680ee8b84db750b8fc7cc63da1675ef1af54eac6f2186c245c053a9b40b23163",
    "https://esm.sh/ol@10.7.0/denonext/style/Stroke.mjs": "7b8b32b3e0edf1dc36be2ed0e341adf1dcbd32fddf8f75b793bfa4d38b3b7ab5",
    "https://esm.sh/ol@10.7.0/denonext/style/Style.mjs": "7c64609a23cda00b12e884696fcecc12bccf90d5b1785c76b97d9c94ac6936b9",
    "https://esm.sh/ol@10.7.0/denonext/style/Text.mjs": "ebffb89b906a3418e32e4543ef20f0833db824956144fa45116c9487cd3c476b",
    "https://esm.sh/ol@10.7.0/denonext/tilecoord.mjs": "a8a4aa10e6af2feb6e455a6c54f116d9abff5e1185eaa9b2234f2ebfb3c6a4c2",
    "https://esm.sh/ol@10.7.0/denonext/tilegrid.mjs": "ecd1b0d73ed05ecefa02464613d3f30729b917e9f1e7ddb6052786116184aa55",
    "https://esm.sh/ol@10.7.0/denonext/tilegrid/TileGrid.mjs": "50e627858d715ecf245d38bbc3b2bdaa9a7f1ad18679e704d3e67fa4630ff2e4",
    "https://esm.sh/ol@10.7.0/denonext/tilegrid/WMTS.mjs": "7a4ff40087bb1711d2100ef83090786e8d3db8a7c255df48400bc3ab3a98bb33",
    "https://esm.sh/ol@10.7.0/denonext/tilegrid/common.mjs": "ead275b3eaf63a52b5711b6aaa6f670503c0a8c5da4a4937d17a2bed771612cb",
    "https://esm.sh/ol@10.7.0/denonext/tileurlfunction.mjs": "820d57b3ac7d4302d3ca1667162f0229e98a5018c87984bd4d0784f2ec408604",
    "https://esm.sh/ol@10.7.0/denonext/transform.mjs": "0ccfb1b867baa0edb06360a8295cad352bae9bd73a5039e231d58797871520b9",
    "https://esm.sh/ol@10.7.0/denonext/uri.mjs": "5d5352da0c1b71ec62278019524f440e2d7620a7707475f09e1bfed8f54d0603",
    "https://esm.sh/ol@10.7.0/denonext/util.mjs": "c846d18c5d4a387d2de540503da72358f4a7e2be4d598c4e02c2e7c8e30cb47c",
    "https://esm.sh/ol@10.7.0/es2022/console.mjs": "d831bbb3e1b2d1afc5ba391ebcb0c64e2c2191b0b283bc4be8652895c7514c9f",
    "https://esm.sh/ol@10.7.0/es2022/coordinate.mjs": "d9c86a0238ef5e36891e608d182c98d94da15379f989c8578be206f8ccf263d2",
    "https://esm.sh/ol@10.7.0/es2022/extent.mjs": "801fa2ba23d1af572827e38b224b63e530b782f88c2bdd6922b6c916e168e6e5",
    "https://esm.sh/ol@10.7.0/es2022/extent/Relationship.mjs": "730ce260956778932328ee6f4727e2998747ab5488339223842e462779fad124",
    "https://esm.sh/ol@10.7.0/es2022/math.mjs": "1e2503b6d99bc2dcd26b2bbade257ab148cf63336c167a8aabc046d3e820011b",
    "https://esm.sh/ol@10.7.0/es2022/obj.mjs": "0124db3a149e5793713faf56ad7739bc5a2adc2cf9c182499c381b3f83ad98c0",
    "https://esm.sh/ol@10.7.0/es2022/proj.mjs": "5f9d93de040a3aec858d75878e08e002e2427537f73f7956f835ee920549e1c9",
    "https://esm.sh/ol@10.7.0/es2022/proj/Projection.mjs": "f895e873e81d6d74a44d564f7471a2f4edba479703cf29183462d2a2ace37010",
    "https://esm.sh/ol@10.7.0/es2022/proj/Units.mjs": "9d96d32755965be88a7c2545bfd34dc3e329a7190c51e01dfc55a5088d0bfb7e",
    "https://esm.sh/ol@10.7.0/es2022/proj/epsg3857.mjs": "100f88157aacf4802e15de73aa63d5c2df87b84ff417243cb7568580f1733fe0",
    "https://esm.sh/ol@10.7.0/es2022/proj/epsg4326.mjs": "0546bd17d82eda2654e69261e413709cc6868610f9184454abe13df0a1ac86d8",
    "https://esm.sh/ol@10.7.0/es2022/proj/projections.mjs": "bbd541d268f71ab628fdcf4357039e834684d66eba30393830cd879b15ee25d8",
    "https://esm.sh/ol@10.7.0/es2022/proj/transforms.mjs": "5939368798a3d69a3bf36a876b13e5a7cab7bfd825dbffbad87e08d0be8f2ff9",
    "https://esm.sh/ol@10.7.0/es2022/proj/utm.mjs": "04fd108b8e53e4bbbca9cf7d4bf553db58c780694f6481c092395fe47480b398",
    "https://esm.sh/ol@10.7.0/es2022/sphere.mjs": "b3cd5c7745cbaca9ad2cf46a5f59e62f57bac6a80c4ec4dd3eb9a938be36ac52",
    "https://esm.sh/ol@10.7.0/es2022/string.mjs": "893c6bd3596f1697b7fe9d97341daab8bfae6db6079028c2868ea7ffaa9e65da",
    "https://esm.sh/ol@10.7.0/geom/Point.js": "c7b4b26047a9867f4789f87967b763613c7ff23b3d8a298f8b229cb4ccd0e325",
    "https://esm.sh/ol@10.7.0/layer/Tile.js": "d3623ce23b4da1df7b2d16843edc2c832136574085a9709a7e5b7e0a4f570f4b",
    "https://esm.sh/ol@10.7.0/layer/Vector.js": "75075f36f6f2815c86e50f9522e77022931e23775f33b9d953cc956b0d16a3d5",
    "https://esm.sh/ol@10.7.0/proj.js": "afa400ca0a026dff12a9cba466ebdf52aea94ff2918e69aa1f2a7111b2251c2b",
    "https://esm.sh/ol@10.7.0/source/OSM.js": "0660dd9a23fb3db6c9636af574e349131f04e0dc2ca7f1d71bca1653ed211639",
    "https://esm.sh/ol@10.7.0/source/TileImage.js": "789582bc6a507032ec6ad496dc3241ad29aec9baf1a6397dba3530d147dd74b5",
    "https://esm.sh/ol@10.7.0/source/Vector.js": "fe25bc02a716d3599daccad0c38e33c01556ece5811ddf64b3f57cf37fb3ec37",
    "https://esm.sh/ol@10.7.0/style/Circle.js": "b5477ec55f5b6ae1d867d6923f1b40729c783275bb0b4654c01f4151d4887381",
    "https://esm.sh/ol@10.7.0/style/Fill.js": "7a62333c16ab95abcc21a101f8be2c628d881224540c6cd5935730c7dcb599f0",
    "https://esm.sh/ol@10.7.0/style/Icon.js": "2b876ec1d5c96d6b28d83ee5f422b6bb9e5b726b3ac7fae854671871ead98375",
    "https://esm.sh/ol@10.7.0/style/Stroke.js": "ea14eda468e4a41f738b3cf24eaff9ac7935ab0dd98a8052480c06be48d6e01a",
    "https://esm.sh/ol@10.7.0/style/Style.js": "b81044aefebfe844af96478570d3f3e498841e97e0eca2d83808355ded02b316",
    "https://esm.sh/ol@10.7.0/style/Text.js": "cda929065605a6f563719d12ba1e3df2d77f1613d5902df41cd53874734bb829",
    "https://esm.sh/quickselect@3.0.0/denonext/quickselect.mjs": "9ca4c6852515056474a567d091f7b57069e1e593a5931ee253d92abd97575909",
    "https://esm.sh/quickselect@3.0.0?target=denonext": "f1cf22afc9a8e9e24705d823eb44910ed85f0cccf02749667880db1c83fc1053",
    "https://esm.sh/rbush@4.0.1/denonext/rbush.mjs": "30be715c4cf4d717ff869acf00bc2033f89b1b37181acc540dca153e60efb047",
    "https://esm.sh/rbush@4.0.1?target=denonext": "7e9ff7b232ed6811dba8d314367833546167424b37c191732b0232b3456df29f"
  }
}
